
Microsoft Visual Studio Solution File, Format Version 12.00
# Visual Studio Version 17
VisualStudioVersion = 17.14.36127.28
MinimumVisualStudioVersion = 10.0.40219.1
Project("{FAE04EC0-301F-11D3-BF4B-00C04F79EFBC}") = "UI", "LastProyecto\UI.csproj", "{6DEDB035-9279-45AD-884F-42211015289A}"
	ProjectSection(ProjectDependencies) = postProject
		{3452C7A7-B9F6-4862-86F3-33851A4BEF2F} = {3452C7A7-B9F6-4862-86F3-33851A4BEF2F}
	EndProjectSection
EndProject
Project("{FAE04EC0-301F-11D3-BF4B-00C04F79EFBC}") = "BE", "LibreriaClases\BE.csproj", "{EE6F4545-7539-4C53-BAC4-0DD145B14DC6}"
EndProject
Project("{FAE04EC0-301F-11D3-BF4B-00C04F79EFBC}") = "SEG", "LibreriaFormularios\SEG.csproj", "{3452C7A7-B9F6-4862-86F3-33851A4BEF2F}"
EndProject
Project("{FAE04EC0-301F-11D3-BF4B-00C04F79EFBC}") = "DAL", "DAL\DAL.csproj", "{04F11CB7-4F42-492C-9BB2-643429C7A1CB}"
EndProject
Global
	GlobalSection(SolutionConfigurationPlatforms) = preSolution
		Debug|Any CPU = Debug|Any CPU
		Release|Any CPU = Release|Any CPU
	EndGlobalSection
	GlobalSection(ProjectConfigurationPlatforms) = postSolution
		{6DEDB035-9279-45AD-884F-42211015289A}.Debug|Any CPU.ActiveCfg = Debug|Any CPU
		{6DEDB035-9279-45AD-884F-42211015289A}.Debug|Any CPU.Build.0 = Debug|Any CPU
		{6DEDB035-9279-45AD-884F-42211015289A}.Release|Any CPU.ActiveCfg = Release|Any CPU
		{6DEDB035-9279-45AD-884F-42211015289A}.Release|Any CPU.Build.0 = Release|Any CPU
		{EE6F4545-7539-4C53-BAC4-0DD145B14DC6}.Debug|Any CPU.ActiveCfg = Debug|Any CPU
		{EE6F4545-7539-4C53-BAC4-0DD145B14DC6}.Debug|Any CPU.Build.0 = Debug|Any CPU
		{EE6F4545-7539-4C53-BAC4-0DD145B14DC6}.Release|Any CPU.ActiveCfg = Release|Any CPU
		{EE6F4545-7539-4C53-BAC4-0DD145B14DC6}.Release|Any CPU.Build.0 = Release|Any CPU
		{3452C7A7-B9F6-4862-86F3-33851A4BEF2F}.Debug|Any CPU.ActiveCfg = Debug|Any CPU
		{3452C7A7-B9F6-4862-86F3-33851A4BEF2F}.Debug|Any CPU.Build.0 = Debug|Any CPU
		{3452C7A7-B9F6-4862-86F3-33851A4BEF2F}.Release|Any CPU.ActiveCfg = Release|Any CPU
		{3452C7A7-B9F6-4862-86F3-33851A4BEF2F}.Release|Any CPU.Build.0 = Release|Any CPU
		{04F11CB7-4F42-492C-9BB2-643429C7A1CB}.Debug|Any CPU.ActiveCfg = Debug|Any CPU
		{04F11CB7-4F42-492C-9BB2-643429C7A1CB}.Debug|Any CPU.Build.0 = Debug|Any CPU
		{04F11CB7-4F42-492C-9BB2-643429C7A1CB}.Release|Any CPU.ActiveCfg = Release|Any CPU
		{04F11CB7-4F42-492C-9BB2-643429C7A1CB}.Release|Any CPU.Build.0 = Release|Any CPU
	EndGlobalSection
	GlobalSection(SolutionProperties) = preSolution
		HideSolutionNode = FALSE
	EndGlobalSection
	GlobalSection(ExtensibilityGlobals) = postSolution
		SolutionGuid = {80C1C3DC-5699-41A2-A36F-40F7E99A73F5}
	EndGlobalSection
EndGlobal
